
Microsoft Visual Studio Solution File, Format Version 12.00
# Visual Studio Version 17
VisualStudioVersion = 17.10.35027.167
MinimumVisualStudioVersion = 10.0.40219.1
Project("{FAE04EC0-301F-11D3-BF4B-00C04F79EFBC}") = "SEI", "SEI.csproj", "{5117ECB2-917E-4A3C-B316-CF4B1F7998D8}"
EndProject
Global
	GlobalSection(SolutionConfigurationPlatforms) = preSolution
		Debug|Any CPU = Debug|Any CPU
		Release|Any CPU = Release|Any CPU
	EndGlobalSection
	GlobalSection(ProjectConfigurationPlatforms) = postSolution
		{5117ECB2-917E-4A3C-B316-CF4B1F7998D8}.Debug|Any CPU.ActiveCfg = Debug|Any CPU
		{5117ECB2-917E-4A3C-B316-CF4B1F7998D8}.Debug|Any CPU.Build.0 = Debug|Any CPU
		{5117ECB2-917E-4A3C-B316-CF4B1F7998D8}.Release|Any CPU.ActiveCfg = Release|Any CPU
		{5117ECB2-917E-4A3C-B316-CF4B1F7998D8}.Release|Any CPU.Build.0 = Release|Any CPU
	EndGlobalSection
	GlobalSection(SolutionProperties) = preSolution
		HideSolutionNode = FALSE
	EndGlobalSection
	GlobalSection(ExtensibilityGlobals) = postSolution
		SolutionGuid = {272027C5-4158-4EC3-9543-72CB1186871D}
	EndGlobalSection
EndGlobal
